Microsoft Visual Studio Solution File, Format Version 12.00
# Visual Studio Version 17
VisualStudioVersion = 17.5.2.0
MinimumVisualStudioVersion = 10.0.40219.1
Project("{FAE04EC0-301F-11D3-BF4B-00C04F79EFBC}") = "LiveRouteOCR", "LiveRouteOCR\LiveRouteOCR.csproj", "{360C1833-970C-7F5E-893E-B191AEF7693A}"
EndProject
Project("{2150E333-8FDC-42A3-9474-1A3956D46DE8}") = "resources", "resources", "{7F74F24B-7313-8368-FB46-4872DBD77787}"
EndProject
Project("{2150E333-8FDC-42A3-9474-1A3956D46DE8}") = "scripts", "scripts", "{C4AD9936-F0DF-1090-6077-3D4A6324E662}"
EndProject
Project("{FAE04EC0-301F-11D3-BF4B-00C04F79EFBC}") = "LiveRouteOCR", "resources\LiveRouteOCR\LiveRouteOCR.csproj", "{35587649-2D22-6B27-9A3B-FCEAE2A23274}"
EndProject
Project("{2150E333-8FDC-42A3-9474-1A3956D46DE8}") = "$Recycle.Bin", "$Recycle.Bin", "{7A5C3989-4834-8847-7951-850A2AF4AC38}"
EndProject
Project("{FAE04EC0-301F-11D3-BF4B-00C04F79EFBC}") = "$I3NFKL7", "scripts\$Recycle.Bin\S-1-5-21-97200220-2965608657-3582652261-1001\$I3NFKL7.csproj", "{3E0BD7A6-023F-FABF-8F65-F4ED86C96AA7}"
EndProject
Project("{FAE04EC0-301F-11D3-BF4B-00C04F79EFBC}") = "$IBIJ3NS", "scripts\$Recycle.Bin\S-1-5-21-97200220-2965608657-3582652261-1001\$IBIJ3NS.csproj", "{7DA48A80-4AFE-B6DB-E4D9-ED563033E7AA}"
EndProject
Project("{FAE04EC0-301F-11D3-BF4B-00C04F79EFBC}") = "$R3NFKL7", "scripts\$Recycle.Bin\S-1-5-21-97200220-2965608657-3582652261-1001\$R3NFKL7.csproj", "{BC947BC8-F9B1-3337-DB2F-0930DE4AA79C}"
EndProject
Project("{FAE04EC0-301F-11D3-BF4B-00C04F79EFBC}") = "$RBIJ3NS", "scripts\$Recycle.Bin\S-1-5-21-97200220-2965608657-3582652261-1001\$RBIJ3NS.csproj", "{05602331-7CC3-99A2-2953-EFF0FAD4DDBF}"
EndProject
Project("{2150E333-8FDC-42A3-9474-1A3956D46DE8}") = "S-1-5-21-97200220-2965608657-3582652261-1001", "S-1-5-21-97200220-2965608657-3582652261-1001", "{5561D9AD-D4E9-5B60-3B20-5ED8276F04C8}"
EndProject
Project("{FAE04EC0-301F-11D3-BF4B-00C04F79EFBC}") = "LiveRouteOCR", "scripts\$Recycle.Bin\S-1-5-21-97200220-2965608657-3582652261-1001\$RB07C4X\LiveRouteOCR.csproj", "{8E1641F4-648C-4616-0691-B2FAA2B0CEDA}"
EndProject
Project("{2150E333-8FDC-42A3-9474-1A3956D46DE8}") = "LiveRouteOCR", "LiveRouteOCR", "{AABF5F95-CE10-5567-BFE4-D0C8048CE4E4}"
EndProject
Project("{2150E333-8FDC-42A3-9474-1A3956D46DE8}") = "$Recycle.Bin", "$Recycle.Bin", "{177963D3-9D83-9DBC-0EC9-1EB8861C7640}"
EndProject
Project("{FAE04EC0-301F-11D3-BF4B-00C04F79EFBC}") = "$I3NFKL7", "scripts\LiveRouteOCR\$Recycle.Bin\S-1-5-21-97200220-2965608657-3582652261-1001\$I3NFKL7.csproj", "{088F5C12-6DBE-8C77-953C-13969B3CA725}"
EndProject
Project("{FAE04EC0-301F-11D3-BF4B-00C04F79EFBC}") = "$IBIJ3NS", "scripts\LiveRouteOCR\$Recycle.Bin\S-1-5-21-97200220-2965608657-3582652261-1001\$IBIJ3NS.csproj", "{0A0E1832-5562-62DC-F897-34BEC9ADE063}"
EndProject
Project("{FAE04EC0-301F-11D3-BF4B-00C04F79EFBC}") = "$R3NFKL7", "scripts\LiveRouteOCR\$Recycle.Bin\S-1-5-21-97200220-2965608657-3582652261-1001\$R3NFKL7.csproj", "{5C68832A-6E9A-34F6-B17F-E9850E964643}"
EndProject
Project("{FAE04EC0-301F-11D3-BF4B-00C04F79EFBC}") = "$RBIJ3NS", "scripts\LiveRouteOCR\$Recycle.Bin\S-1-5-21-97200220-2965608657-3582652261-1001\$RBIJ3NS.csproj", "{8BE59055-A88D-A7B6-EA00-71610EB19361}"
EndProject
Project("{2150E333-8FDC-42A3-9474-1A3956D46DE8}") = "S-1-5-21-97200220-2965608657-3582652261-1001", "S-1-5-21-97200220-2965608657-3582652261-1001", "{99C7D004-DDC3-BF4A-8DB8-E2C13584DA71}"
EndProject
Project("{FAE04EC0-301F-11D3-BF4B-00C04F79EFBC}") = "LiveRouteOCR", "scripts\LiveRouteOCR\$Recycle.Bin\S-1-5-21-97200220-2965608657-3582652261-1001\$RB07C4X\LiveRouteOCR.csproj", "{A378923F-8330-06AD-1752-2F2F0CD604AF}"
EndProject
Project("{2150E333-8FDC-42A3-9474-1A3956D46DE8}") = "$R143513.11-win-x64", "$R143513.11-win-x64", "{EA1C7802-B085-7464-BA1B-1DAA420EE4C5}"
EndProject
Project("{2150E333-8FDC-42A3-9474-1A3956D46DE8}") = "resources", "resources", "{E6E72A8A-7EDF-4F12-9DC5-18E96F346E58}"
EndProject
Project("{FAE04EC0-301F-11D3-BF4B-00C04F79EFBC}") = "LiveRouteOCR", "scripts\$Recycle.Bin\S-1-5-21-97200220-2965608657-3582652261-1001\$R143513.11-win-x64\resources\LiveRouteOCR\LiveRouteOCR.csproj", "{F9B1FD8D-8898-BBA0-208C-385587A69237}"
EndProject
Project("{2150E333-8FDC-42A3-9474-1A3956D46DE8}") = "$RIHR2N3.10-win-x64", "$RIHR2N3.10-win-x64", "{7EED5C55-EC94-D364-8224-E4C38DB608F7}"
EndProject
Project("{2150E333-8FDC-42A3-9474-1A3956D46DE8}") = "resources", "resources", "{AF2DB296-1192-8317-B255-9599BACFD0C6}"
EndProject
Project("{FAE04EC0-301F-11D3-BF4B-00C04F79EFBC}") = "LiveRouteOCR", "scripts\$Recycle.Bin\S-1-5-21-97200220-2965608657-3582652261-1001\$RIHR2N3.10-win-x64\resources\LiveRouteOCR\LiveRouteOCR.csproj", "{7B387316-66CC-1C1F-63A3-60E90B02D293}"
EndProject
Project("{2150E333-8FDC-42A3-9474-1A3956D46DE8}") = "$R143513.11-win-x64", "$R143513.11-win-x64", "{51EA0B2E-BADB-8850-AEB6-92FD87F5E3D8}"
EndProject
Project("{2150E333-8FDC-42A3-9474-1A3956D46DE8}") = "resources", "resources", "{ABD36ED3-CF7B-7528-A45D-67C939AE3422}"
EndProject
Project("{FAE04EC0-301F-11D3-BF4B-00C04F79EFBC}") = "LiveRouteOCR", "scripts\LiveRouteOCR\$Recycle.Bin\S-1-5-21-97200220-2965608657-3582652261-1001\$R143513.11-win-x64\resources\LiveRouteOCR\LiveRouteOCR.csproj", "{B684255A-B8D4-A2B6-1AC4-707780D4EEA8}"
EndProject
Project("{2150E333-8FDC-42A3-9474-1A3956D46DE8}") = "$RIHR2N3.10-win-x64", "$RIHR2N3.10-win-x64", "{699BE770-ADBF-8A6D-BAB1-588D3E858863}"
EndProject
Project("{2150E333-8FDC-42A3-9474-1A3956D46DE8}") = "resources", "resources", "{5DB190F9-E663-E81B-5593-E868F485341B}"
EndProject
Project("{FAE04EC0-301F-11D3-BF4B-00C04F79EFBC}") = "LiveRouteOCR", "scripts\LiveRouteOCR\$Recycle.Bin\S-1-5-21-97200220-2965608657-3582652261-1001\$RIHR2N3.10-win-x64\resources\LiveRouteOCR\LiveRouteOCR.csproj", "{45D18FC7-770D-9041-3E73-FD1DBB44E443}"
EndProject
Global
	GlobalSection(SolutionConfigurationPlatforms) = preSolution
		Debug|Any CPU = Debug|Any CPU
		Release|Any CPU = Release|Any CPU
	EndGlobalSection
	GlobalSection(ProjectConfigurationPlatforms) = postSolution
		{360C1833-970C-7F5E-893E-B191AEF7693A}.Debug|Any CPU.ActiveCfg = Debug|Any CPU
		{360C1833-970C-7F5E-893E-B191AEF7693A}.Debug|Any CPU.Build.0 = Debug|Any CPU
		{360C1833-970C-7F5E-893E-B191AEF7693A}.Release|Any CPU.ActiveCfg = Release|Any CPU
		{360C1833-970C-7F5E-893E-B191AEF7693A}.Release|Any CPU.Build.0 = Release|Any CPU
		{35587649-2D22-6B27-9A3B-FCEAE2A23274}.Debug|Any CPU.ActiveCfg = Debug|Any CPU
		{35587649-2D22-6B27-9A3B-FCEAE2A23274}.Debug|Any CPU.Build.0 = Debug|Any CPU
		{35587649-2D22-6B27-9A3B-FCEAE2A23274}.Release|Any CPU.ActiveCfg = Release|Any CPU
		{35587649-2D22-6B27-9A3B-FCEAE2A23274}.Release|Any CPU.Build.0 = Release|Any CPU
		{3E0BD7A6-023F-FABF-8F65-F4ED86C96AA7}.Debug|Any CPU.ActiveCfg = Debug|Any CPU
		{3E0BD7A6-023F-FABF-8F65-F4ED86C96AA7}.Debug|Any CPU.Build.0 = Debug|Any CPU
		{3E0BD7A6-023F-FABF-8F65-F4ED86C96AA7}.Release|Any CPU.ActiveCfg = Release|Any CPU
		{3E0BD7A6-023F-FABF-8F65-F4ED86C96AA7}.Release|Any CPU.Build.0 = Release|Any CPU
		{7DA48A80-4AFE-B6DB-E4D9-ED563033E7AA}.Debug|Any CPU.ActiveCfg = Debug|Any CPU
		{7DA48A80-4AFE-B6DB-E4D9-ED563033E7AA}.Debug|Any CPU.Build.0 = Debug|Any CPU
		{7DA48A80-4AFE-B6DB-E4D9-ED563033E7AA}.Release|Any CPU.ActiveCfg = Release|Any CPU
		{7DA48A80-4AFE-B6DB-E4D9-ED563033E7AA}.Release|Any CPU.Build.0 = Release|Any CPU
		{BC947BC8-F9B1-3337-DB2F-0930DE4AA79C}.Debug|Any CPU.ActiveCfg = Debug|Any CPU
		{BC947BC8-F9B1-3337-DB2F-0930DE4AA79C}.Debug|Any CPU.Build.0 = Debug|Any CPU
		{BC947BC8-F9B1-3337-DB2F-0930DE4AA79C}.Release|Any CPU.ActiveCfg = Release|Any CPU
		{BC947BC8-F9B1-3337-DB2F-0930DE4AA79C}.Release|Any CPU.Build.0 = Release|Any CPU
		{05602331-7CC3-99A2-2953-EFF0FAD4DDBF}.Debug|Any CPU.ActiveCfg = Debug|Any CPU
		{05602331-7CC3-99A2-2953-EFF0FAD4DDBF}.Debug|Any CPU.Build.0 = Debug|Any CPU
		{05602331-7CC3-99A2-2953-EFF0FAD4DDBF}.Release|Any CPU.ActiveCfg = Release|Any CPU
		{05602331-7CC3-99A2-2953-EFF0FAD4DDBF}.Release|Any CPU.Build.0 = Release|Any CPU
		{8E1641F4-648C-4616-0691-B2FAA2B0CEDA}.Debug|Any CPU.ActiveCfg = Debug|Any CPU
		{8E1641F4-648C-4616-0691-B2FAA2B0CEDA}.Debug|Any CPU.Build.0 = Debug|Any CPU
		{8E1641F4-648C-4616-0691-B2FAA2B0CEDA}.Release|Any CPU.ActiveCfg = Release|Any CPU
		{8E1641F4-648C-4616-0691-B2FAA2B0CEDA}.Release|Any CPU.Build.0 = Release|Any CPU
		{088F5C12-6DBE-8C77-953C-13969B3CA725}.Debug|Any CPU.ActiveCfg = Debug|Any CPU
		{088F5C12-6DBE-8C77-953C-13969B3CA725}.Debug|Any CPU.Build.0 = Debug|Any CPU
		{088F5C12-6DBE-8C77-953C-13969B3CA725}.Release|Any CPU.ActiveCfg = Release|Any CPU
		{088F5C12-6DBE-8C77-953C-13969B3CA725}.Release|Any CPU.Build.0 = Release|Any CPU
		{0A0E1832-5562-62DC-F897-34BEC9ADE063}.Debug|Any CPU.ActiveCfg = Debug|Any CPU
		{0A0E1832-5562-62DC-F897-34BEC9ADE063}.Debug|Any CPU.Build.0 = Debug|Any CPU
		{0A0E1832-5562-62DC-F897-34BEC9ADE063}.Release|Any CPU.ActiveCfg = Release|Any CPU
		{0A0E1832-5562-62DC-F897-34BEC9ADE063}.Release|Any CPU.Build.0 = Release|Any CPU
		{5C68832A-6E9A-34F6-B17F-E9850E964643}.Debug|Any CPU.ActiveCfg = Debug|Any CPU
		{5C68832A-6E9A-34F6-B17F-E9850E964643}.Debug|Any CPU.Build.0 = Debug|Any CPU
		{5C68832A-6E9A-34F6-B17F-E9850E964643}.Release|Any CPU.ActiveCfg = Release|Any CPU
		{5C68832A-6E9A-34F6-B17F-E9850E964643}.Release|Any CPU.Build.0 = Release|Any CPU
		{8BE59055-A88D-A7B6-EA00-71610EB19361}.Debug|Any CPU.ActiveCfg = Debug|Any CPU
		{8BE59055-A88D-A7B6-EA00-71610EB19361}.Debug|Any CPU.Build.0 = Debug|Any CPU
		{8BE59055-A88D-A7B6-EA00-71610EB19361}.Release|Any CPU.ActiveCfg = Release|Any CPU
		{8BE59055-A88D-A7B6-EA00-71610EB19361}.Release|Any CPU.Build.0 = Release|Any CPU
		{A378923F-8330-06AD-1752-2F2F0CD604AF}.Debug|Any CPU.ActiveCfg = Debug|Any CPU
		{A378923F-8330-06AD-1752-2F2F0CD604AF}.Debug|Any CPU.Build.0 = Debug|Any CPU
		{A378923F-8330-06AD-1752-2F2F0CD604AF}.Release|Any CPU.ActiveCfg = Release|Any CPU
		{A378923F-8330-06AD-1752-2F2F0CD604AF}.Release|Any CPU.Build.0 = Release|Any CPU
		{F9B1FD8D-8898-BBA0-208C-385587A69237}.Debug|Any CPU.ActiveCfg = Debug|Any CPU
		{F9B1FD8D-8898-BBA0-208C-385587A69237}.Debug|Any CPU.Build.0 = Debug|Any CPU
		{F9B1FD8D-8898-BBA0-208C-385587A69237}.Release|Any CPU.ActiveCfg = Release|Any CPU
		{F9B1FD8D-8898-BBA0-208C-385587A69237}.Release|Any CPU.Build.0 = Release|Any CPU
		{7B387316-66CC-1C1F-63A3-60E90B02D293}.Debug|Any CPU.ActiveCfg = Debug|Any CPU
		{7B387316-66CC-1C1F-63A3-60E90B02D293}.Debug|Any CPU.Build.0 = Debug|Any CPU
		{7B387316-66CC-1C1F-63A3-60E90B02D293}.Release|Any CPU.ActiveCfg = Release|Any CPU
		{7B387316-66CC-1C1F-63A3-60E90B02D293}.Release|Any CPU.Build.0 = Release|Any CPU
		{B684255A-B8D4-A2B6-1AC4-707780D4EEA8}.Debug|Any CPU.ActiveCfg = Debug|Any CPU
		{B684255A-B8D4-A2B6-1AC4-707780D4EEA8}.Debug|Any CPU.Build.0 = Debug|Any CPU
		{B684255A-B8D4-A2B6-1AC4-707780D4EEA8}.Release|Any CPU.ActiveCfg = Release|Any CPU
		{B684255A-B8D4-A2B6-1AC4-707780D4EEA8}.Release|Any CPU.Build.0 = Release|Any CPU
		{45D18FC7-770D-9041-3E73-FD1DBB44E443}.Debug|Any CPU.ActiveCfg = Debug|Any CPU
		{45D18FC7-770D-9041-3E73-FD1DBB44E443}.Debug|Any CPU.Build.0 = Debug|Any CPU
		{45D18FC7-770D-9041-3E73-FD1DBB44E443}.Release|Any CPU.ActiveCfg = Release|Any CPU
		{45D18FC7-770D-9041-3E73-FD1DBB44E443}.Release|Any CPU.Build.0 = Release|Any CPU
	EndGlobalSection
	GlobalSection(SolutionProperties) = preSolution
		HideSolutionNode = FALSE
	EndGlobalSection
	GlobalSection(NestedProjects) = preSolution
		{35587649-2D22-6B27-9A3B-FCEAE2A23274} = {7F74F24B-7313-8368-FB46-4872DBD77787}
		{7A5C3989-4834-8847-7951-850A2AF4AC38} = {C4AD9936-F0DF-1090-6077-3D4A6324E662}
		{3E0BD7A6-023F-FABF-8F65-F4ED86C96AA7} = {7A5C3989-4834-8847-7951-850A2AF4AC38}
		{7DA48A80-4AFE-B6DB-E4D9-ED563033E7AA} = {7A5C3989-4834-8847-7951-850A2AF4AC38}
		{BC947BC8-F9B1-3337-DB2F-0930DE4AA79C} = {7A5C3989-4834-8847-7951-850A2AF4AC38}
		{05602331-7CC3-99A2-2953-EFF0FAD4DDBF} = {7A5C3989-4834-8847-7951-850A2AF4AC38}
		{5561D9AD-D4E9-5B60-3B20-5ED8276F04C8} = {7A5C3989-4834-8847-7951-850A2AF4AC38}
		{8E1641F4-648C-4616-0691-B2FAA2B0CEDA} = {5561D9AD-D4E9-5B60-3B20-5ED8276F04C8}
		{AABF5F95-CE10-5567-BFE4-D0C8048CE4E4} = {C4AD9936-F0DF-1090-6077-3D4A6324E662}
		{177963D3-9D83-9DBC-0EC9-1EB8861C7640} = {AABF5F95-CE10-5567-BFE4-D0C8048CE4E4}
		{088F5C12-6DBE-8C77-953C-13969B3CA725} = {177963D3-9D83-9DBC-0EC9-1EB8861C7640}
		{0A0E1832-5562-62DC-F897-34BEC9ADE063} = {177963D3-9D83-9DBC-0EC9-1EB8861C7640}
		{5C68832A-6E9A-34F6-B17F-E9850E964643} = {177963D3-9D83-9DBC-0EC9-1EB8861C7640}
		{8BE59055-A88D-A7B6-EA00-71610EB19361} = {177963D3-9D83-9DBC-0EC9-1EB8861C7640}
		{99C7D004-DDC3-BF4A-8DB8-E2C13584DA71} = {177963D3-9D83-9DBC-0EC9-1EB8861C7640}
		{A378923F-8330-06AD-1752-2F2F0CD604AF} = {99C7D004-DDC3-BF4A-8DB8-E2C13584DA71}
		{EA1C7802-B085-7464-BA1B-1DAA420EE4C5} = {5561D9AD-D4E9-5B60-3B20-5ED8276F04C8}
		{E6E72A8A-7EDF-4F12-9DC5-18E96F346E58} = {EA1C7802-B085-7464-BA1B-1DAA420EE4C5}
		{F9B1FD8D-8898-BBA0-208C-385587A69237} = {E6E72A8A-7EDF-4F12-9DC5-18E96F346E58}
		{7EED5C55-EC94-D364-8224-E4C38DB608F7} = {5561D9AD-D4E9-5B60-3B20-5ED8276F04C8}
		{AF2DB296-1192-8317-B255-9599BACFD0C6} = {7EED5C55-EC94-D364-8224-E4C38DB608F7}
		{7B387316-66CC-1C1F-63A3-60E90B02D293} = {AF2DB296-1192-8317-B255-9599BACFD0C6}
		{51EA0B2E-BADB-8850-AEB6-92FD87F5E3D8} = {99C7D004-DDC3-BF4A-8DB8-E2C13584DA71}
		{ABD36ED3-CF7B-7528-A45D-67C939AE3422} = {51EA0B2E-BADB-8850-AEB6-92FD87F5E3D8}
		{B684255A-B8D4-A2B6-1AC4-707780D4EEA8} = {ABD36ED3-CF7B-7528-A45D-67C939AE3422}
		{699BE770-ADBF-8A6D-BAB1-588D3E858863} = {99C7D004-DDC3-BF4A-8DB8-E2C13584DA71}
		{5DB190F9-E663-E81B-5593-E868F485341B} = {699BE770-ADBF-8A6D-BAB1-588D3E858863}
		{45D18FC7-770D-9041-3E73-FD1DBB44E443} = {5DB190F9-E663-E81B-5593-E868F485341B}
	EndGlobalSection
	GlobalSection(ExtensibilityGlobals) = postSolution
		SolutionGuid = {5D84F111-065A-48AD-86DD-C80ACF085011}
	EndGlobalSection
EndGlobal
